
Microsoft Visual Studio Solution File, Format Version 12.00
# Visual Studio Version 17
VisualStudioVersion = 17.1.32210.238
MinimumVisualStudioVersion = 10.0.40219.1
Project("{FAE04EC0-301F-11D3-BF4B-00C04F79EFBC}") = "Harjoitus69-3", "Harjoitus69-3\Harjoitus69-3.csproj", "{51C88C16-CEB4-4D3A-B4DD-D4E1399840D6}"
EndProject
Global
	GlobalSection(SolutionConfigurationPlatforms) = preSolution
		Debug|Any CPU = Debug|Any CPU
		Release|Any CPU = Release|Any CPU
	EndGlobalSection
	GlobalSection(ProjectConfigurationPlatforms) = postSolution
		{51C88C16-CEB4-4D3A-B4DD-D4E1399840D6}.Debug|Any CPU.ActiveCfg = Debug|Any CPU
		{51C88C16-CEB4-4D3A-B4DD-D4E1399840D6}.Debug|Any CPU.Build.0 = Debug|Any CPU
		{51C88C16-CEB4-4D3A-B4DD-D4E1399840D6}.Release|Any CPU.ActiveCfg = Release|Any CPU
		{51C88C16-CEB4-4D3A-B4DD-D4E1399840D6}.Release|Any CPU.Build.0 = Release|Any CPU
	EndGlobalSection
	GlobalSection(SolutionProperties) = preSolution
		HideSolutionNode = FALSE
	EndGlobalSection
	GlobalSection(ExtensibilityGlobals) = postSolution
		SolutionGuid = {6F73C042-F403-4287-A644-9632B5BEE6A9}
	EndGlobalSection
EndGlobal
