
Microsoft Visual Studio Solution File, Format Version 12.00
# Visual Studio Version 17
VisualStudioVersion = 17.1.32210.238
MinimumVisualStudioVersion = 10.0.40219.1
Project("{FAE04EC0-301F-11D3-BF4B-00C04F79EFBC}") = "BMI", "BMI\BMI.csproj", "{0A493870-057D-4CBF-8BDE-2BA0D579ACD2}"
EndProject
Global
	GlobalSection(SolutionConfigurationPlatforms) = preSolution
		Debug|Any CPU = Debug|Any CPU
		Release|Any CPU = Release|Any CPU
	EndGlobalSection
	GlobalSection(ProjectConfigurationPlatforms) = postSolution
		{0A493870-057D-4CBF-8BDE-2BA0D579ACD2}.Debug|Any CPU.ActiveCfg = Debug|Any CPU
		{0A493870-057D-4CBF-8BDE-2BA0D579ACD2}.Debug|Any CPU.Build.0 = Debug|Any CPU
		{0A493870-057D-4CBF-8BDE-2BA0D579ACD2}.Release|Any CPU.ActiveCfg = Release|Any CPU
		{0A493870-057D-4CBF-8BDE-2BA0D579ACD2}.Release|Any CPU.Build.0 = Release|Any CPU
	EndGlobalSection
	GlobalSection(SolutionProperties) = preSolution
		HideSolutionNode = FALSE
	EndGlobalSection
	GlobalSection(ExtensibilityGlobals) = postSolution
		SolutionGuid = {0EA1BCF0-9E46-4694-A7AC-31DF5926F2CB}
	EndGlobalSection
EndGlobal
