
Microsoft Visual Studio Solution File, Format Version 12.00
# Visual Studio Version 17
VisualStudioVersion = 17.1.32210.238
MinimumVisualStudioVersion = 10.0.40219.1
Project("{FAE04EC0-301F-11D3-BF4B-00C04F79EFBC}") = "LaskuTehtävä", "LaskuTehtävä\LaskuTehtävä.csproj", "{F29870CF-27F0-4067-B12B-C6D3163F21AC}"
EndProject
Global
	GlobalSection(SolutionConfigurationPlatforms) = preSolution
		Debug|Any CPU = Debug|Any CPU
		Release|Any CPU = Release|Any CPU
	EndGlobalSection
	GlobalSection(ProjectConfigurationPlatforms) = postSolution
		{F29870CF-27F0-4067-B12B-C6D3163F21AC}.Debug|Any CPU.ActiveCfg = Debug|Any CPU
		{F29870CF-27F0-4067-B12B-C6D3163F21AC}.Debug|Any CPU.Build.0 = Debug|Any CPU
		{F29870CF-27F0-4067-B12B-C6D3163F21AC}.Release|Any CPU.ActiveCfg = Release|Any CPU
		{F29870CF-27F0-4067-B12B-C6D3163F21AC}.Release|Any CPU.Build.0 = Release|Any CPU
	EndGlobalSection
	GlobalSection(SolutionProperties) = preSolution
		HideSolutionNode = FALSE
	EndGlobalSection
	GlobalSection(ExtensibilityGlobals) = postSolution
		SolutionGuid = {BB9B1744-91C1-4968-AA18-D6A9C63F7133}
	EndGlobalSection
EndGlobal
