
Microsoft Visual Studio Solution File, Format Version 12.00
# Visual Studio Version 17
VisualStudioVersion = 17.1.32210.238
MinimumVisualStudioVersion = 10.0.40219.1
Project("{FAE04EC0-301F-11D3-BF4B-00C04F79EFBC}") = "Autokululaskuri", "Autokululaskuri\Autokululaskuri.csproj", "{F36D840E-7E42-43AF-945A-91602AE8707B}"
EndProject
Global
	GlobalSection(SolutionConfigurationPlatforms) = preSolution
		Debug|Any CPU = Debug|Any CPU
		Release|Any CPU = Release|Any CPU
	EndGlobalSection
	GlobalSection(ProjectConfigurationPlatforms) = postSolution
		{F36D840E-7E42-43AF-945A-91602AE8707B}.Debug|Any CPU.ActiveCfg = Debug|Any CPU
		{F36D840E-7E42-43AF-945A-91602AE8707B}.Debug|Any CPU.Build.0 = Debug|Any CPU
		{F36D840E-7E42-43AF-945A-91602AE8707B}.Release|Any CPU.ActiveCfg = Release|Any CPU
		{F36D840E-7E42-43AF-945A-91602AE8707B}.Release|Any CPU.Build.0 = Release|Any CPU
	EndGlobalSection
	GlobalSection(SolutionProperties) = preSolution
		HideSolutionNode = FALSE
	EndGlobalSection
	GlobalSection(ExtensibilityGlobals) = postSolution
		SolutionGuid = {BDDB3DCB-A63F-4B4E-867A-4A28D235D69A}
	EndGlobalSection
EndGlobal
