
Microsoft Visual Studio Solution File, Format Version 12.00
# Visual Studio Version 17
VisualStudioVersion = 17.1.32210.238
MinimumVisualStudioVersion = 10.0.40219.1
Project("{FAE04EC0-301F-11D3-BF4B-00C04F79EFBC}") = "EncryptDecrypt", "EncryptDecrypt\EncryptDecrypt.csproj", "{624E5C66-464D-4116-9EF1-DA8628CBB4C6}"
EndProject
Global
	GlobalSection(SolutionConfigurationPlatforms) = preSolution
		Debug|Any CPU = Debug|Any CPU
		Release|Any CPU = Release|Any CPU
	EndGlobalSection
	GlobalSection(ProjectConfigurationPlatforms) = postSolution
		{624E5C66-464D-4116-9EF1-DA8628CBB4C6}.Debug|Any CPU.ActiveCfg = Debug|Any CPU
		{624E5C66-464D-4116-9EF1-DA8628CBB4C6}.Debug|Any CPU.Build.0 = Debug|Any CPU
		{624E5C66-464D-4116-9EF1-DA8628CBB4C6}.Release|Any CPU.ActiveCfg = Release|Any CPU
		{624E5C66-464D-4116-9EF1-DA8628CBB4C6}.Release|Any CPU.Build.0 = Release|Any CPU
	EndGlobalSection
	GlobalSection(SolutionProperties) = preSolution
		HideSolutionNode = FALSE
	EndGlobalSection
	GlobalSection(ExtensibilityGlobals) = postSolution
		SolutionGuid = {10173656-CEB0-421E-9DA0-EE73247C3F39}
	EndGlobalSection
EndGlobal
