
Microsoft Visual Studio Solution File, Format Version 12.00
# Visual Studio Version 17
VisualStudioVersion = 17.1.32210.238
MinimumVisualStudioVersion = 10.0.40219.1
Project("{FAE04EC0-301F-11D3-BF4B-00C04F79EFBC}") = "Harjoitus69-4", "Harjoitus69-4\Harjoitus69-4.csproj", "{40A22181-C743-40E8-9F2E-A62EB1631161}"
EndProject
Global
	GlobalSection(SolutionConfigurationPlatforms) = preSolution
		Debug|Any CPU = Debug|Any CPU
		Release|Any CPU = Release|Any CPU
	EndGlobalSection
	GlobalSection(ProjectConfigurationPlatforms) = postSolution
		{40A22181-C743-40E8-9F2E-A62EB1631161}.Debug|Any CPU.ActiveCfg = Debug|Any CPU
		{40A22181-C743-40E8-9F2E-A62EB1631161}.Debug|Any CPU.Build.0 = Debug|Any CPU
		{40A22181-C743-40E8-9F2E-A62EB1631161}.Release|Any CPU.ActiveCfg = Release|Any CPU
		{40A22181-C743-40E8-9F2E-A62EB1631161}.Release|Any CPU.Build.0 = Release|Any CPU
	EndGlobalSection
	GlobalSection(SolutionProperties) = preSolution
		HideSolutionNode = FALSE
	EndGlobalSection
	GlobalSection(ExtensibilityGlobals) = postSolution
		SolutionGuid = {E09E5AFE-7B64-44A8-8615-4582721765CD}
	EndGlobalSection
EndGlobal
