
Microsoft Visual Studio Solution File, Format Version 12.00
# Visual Studio Version 17
VisualStudioVersion = 17.1.32210.238
MinimumVisualStudioVersion = 10.0.40219.1
Project("{FAE04EC0-301F-11D3-BF4B-00C04F79EFBC}") = "Harjoitus_01", "Harjoitus_01\Harjoitus_01.csproj", "{4527B2E3-EA60-47FF-B736-7584CC36526A}"
EndProject
Global
	GlobalSection(SolutionConfigurationPlatforms) = preSolution
		Debug|Any CPU = Debug|Any CPU
		Release|Any CPU = Release|Any CPU
	EndGlobalSection
	GlobalSection(ProjectConfigurationPlatforms) = postSolution
		{4527B2E3-EA60-47FF-B736-7584CC36526A}.Debug|Any CPU.ActiveCfg = Debug|Any CPU
		{4527B2E3-EA60-47FF-B736-7584CC36526A}.Debug|Any CPU.Build.0 = Debug|Any CPU
		{4527B2E3-EA60-47FF-B736-7584CC36526A}.Release|Any CPU.ActiveCfg = Release|Any CPU
		{4527B2E3-EA60-47FF-B736-7584CC36526A}.Release|Any CPU.Build.0 = Release|Any CPU
	EndGlobalSection
	GlobalSection(SolutionProperties) = preSolution
		HideSolutionNode = FALSE
	EndGlobalSection
	GlobalSection(ExtensibilityGlobals) = postSolution
		SolutionGuid = {082EFB12-6C57-4C3D-9E9D-3815C6E5DF44}
	EndGlobalSection
EndGlobal
