
Microsoft Visual Studio Solution File, Format Version 12.00
# Visual Studio Version 17
VisualStudioVersion = 17.1.32210.238
MinimumVisualStudioVersion = 10.0.40219.1
Project("{FAE04EC0-301F-11D3-BF4B-00C04F79EFBC}") = "LukujenJarjestys", "LukujenJarjestys\LukujenJarjestys.csproj", "{20F87F54-B9BF-43F5-96B4-0CCEE4EB2674}"
EndProject
Global
	GlobalSection(SolutionConfigurationPlatforms) = preSolution
		Debug|Any CPU = Debug|Any CPU
		Release|Any CPU = Release|Any CPU
	EndGlobalSection
	GlobalSection(ProjectConfigurationPlatforms) = postSolution
		{20F87F54-B9BF-43F5-96B4-0CCEE4EB2674}.Debug|Any CPU.ActiveCfg = Debug|Any CPU
		{20F87F54-B9BF-43F5-96B4-0CCEE4EB2674}.Debug|Any CPU.Build.0 = Debug|Any CPU
		{20F87F54-B9BF-43F5-96B4-0CCEE4EB2674}.Release|Any CPU.ActiveCfg = Release|Any CPU
		{20F87F54-B9BF-43F5-96B4-0CCEE4EB2674}.Release|Any CPU.Build.0 = Release|Any CPU
	EndGlobalSection
	GlobalSection(SolutionProperties) = preSolution
		HideSolutionNode = FALSE
	EndGlobalSection
	GlobalSection(ExtensibilityGlobals) = postSolution
		SolutionGuid = {38DDDF3A-FA17-45BE-A0E6-525E54E840BA}
	EndGlobalSection
EndGlobal
