
Microsoft Visual Studio Solution File, Format Version 12.00
# Visual Studio Version 17
VisualStudioVersion = 17.1.32210.238
MinimumVisualStudioVersion = 10.0.40219.1
Project("{FAE04EC0-301F-11D3-BF4B-00C04F79EFBC}") = "NopanHeitto", "NopanHeitto\NopanHeitto.csproj", "{98A79E71-2757-407A-A2FF-840014A9F96D}"
EndProject
Global
	GlobalSection(SolutionConfigurationPlatforms) = preSolution
		Debug|Any CPU = Debug|Any CPU
		Release|Any CPU = Release|Any CPU
	EndGlobalSection
	GlobalSection(ProjectConfigurationPlatforms) = postSolution
		{98A79E71-2757-407A-A2FF-840014A9F96D}.Debug|Any CPU.ActiveCfg = Debug|Any CPU
		{98A79E71-2757-407A-A2FF-840014A9F96D}.Debug|Any CPU.Build.0 = Debug|Any CPU
		{98A79E71-2757-407A-A2FF-840014A9F96D}.Release|Any CPU.ActiveCfg = Release|Any CPU
		{98A79E71-2757-407A-A2FF-840014A9F96D}.Release|Any CPU.Build.0 = Release|Any CPU
	EndGlobalSection
	GlobalSection(SolutionProperties) = preSolution
		HideSolutionNode = FALSE
	EndGlobalSection
	GlobalSection(ExtensibilityGlobals) = postSolution
		SolutionGuid = {C7B56943-38C0-4A02-B24C-1FC5C5950D3D}
	EndGlobalSection
EndGlobal
