
Microsoft Visual Studio Solution File, Format Version 12.00
# Visual Studio Version 17
VisualStudioVersion = 17.1.32210.238
MinimumVisualStudioVersion = 10.0.40219.1
Project("{FAE04EC0-301F-11D3-BF4B-00C04F79EFBC}") = "Harjoitus5", "Harjoitus5\Harjoitus5.csproj", "{8E335A49-16DD-4CCE-B82B-61F973C55DEB}"
EndProject
Global
	GlobalSection(SolutionConfigurationPlatforms) = preSolution
		Debug|Any CPU = Debug|Any CPU
		Release|Any CPU = Release|Any CPU
	EndGlobalSection
	GlobalSection(ProjectConfigurationPlatforms) = postSolution
		{8E335A49-16DD-4CCE-B82B-61F973C55DEB}.Debug|Any CPU.ActiveCfg = Debug|Any CPU
		{8E335A49-16DD-4CCE-B82B-61F973C55DEB}.Debug|Any CPU.Build.0 = Debug|Any CPU
		{8E335A49-16DD-4CCE-B82B-61F973C55DEB}.Release|Any CPU.ActiveCfg = Release|Any CPU
		{8E335A49-16DD-4CCE-B82B-61F973C55DEB}.Release|Any CPU.Build.0 = Release|Any CPU
	EndGlobalSection
	GlobalSection(SolutionProperties) = preSolution
		HideSolutionNode = FALSE
	EndGlobalSection
	GlobalSection(ExtensibilityGlobals) = postSolution
		SolutionGuid = {786C1FAA-E4C2-4D84-95A9-69C4EBC67939}
	EndGlobalSection
EndGlobal
