
Microsoft Visual Studio Solution File, Format Version 12.00
# Visual Studio Version 17
VisualStudioVersion = 17.1.32210.238
MinimumVisualStudioVersion = 10.0.40219.1
Project("{FAE04EC0-301F-11D3-BF4B-00C04F79EFBC}") = "Harjoitus7", "Harjoitus7\Harjoitus7.csproj", "{5AA627E6-2134-4E93-9616-3A99D05B7554}"
EndProject
Global
	GlobalSection(SolutionConfigurationPlatforms) = preSolution
		Debug|Any CPU = Debug|Any CPU
		Release|Any CPU = Release|Any CPU
	EndGlobalSection
	GlobalSection(ProjectConfigurationPlatforms) = postSolution
		{5AA627E6-2134-4E93-9616-3A99D05B7554}.Debug|Any CPU.ActiveCfg = Debug|Any CPU
		{5AA627E6-2134-4E93-9616-3A99D05B7554}.Debug|Any CPU.Build.0 = Debug|Any CPU
		{5AA627E6-2134-4E93-9616-3A99D05B7554}.Release|Any CPU.ActiveCfg = Release|Any CPU
		{5AA627E6-2134-4E93-9616-3A99D05B7554}.Release|Any CPU.Build.0 = Release|Any CPU
	EndGlobalSection
	GlobalSection(SolutionProperties) = preSolution
		HideSolutionNode = FALSE
	EndGlobalSection
	GlobalSection(ExtensibilityGlobals) = postSolution
		SolutionGuid = {D3518106-9768-46AB-974F-9380C49367F0}
	EndGlobalSection
EndGlobal
