
Microsoft Visual Studio Solution File, Format Version 12.00
# Visual Studio Version 17
VisualStudioVersion = 17.1.32210.238
MinimumVisualStudioVersion = 10.0.40219.1
Project("{FAE04EC0-301F-11D3-BF4B-00C04F79EFBC}") = "Harjoitus68-8", "Harjoitus68-8\Harjoitus68-8.csproj", "{FD92A89C-8031-458B-88D5-66647FF63F04}"
EndProject
Global
	GlobalSection(SolutionConfigurationPlatforms) = preSolution
		Debug|Any CPU = Debug|Any CPU
		Release|Any CPU = Release|Any CPU
	EndGlobalSection
	GlobalSection(ProjectConfigurationPlatforms) = postSolution
		{FD92A89C-8031-458B-88D5-66647FF63F04}.Debug|Any CPU.ActiveCfg = Debug|Any CPU
		{FD92A89C-8031-458B-88D5-66647FF63F04}.Debug|Any CPU.Build.0 = Debug|Any CPU
		{FD92A89C-8031-458B-88D5-66647FF63F04}.Release|Any CPU.ActiveCfg = Release|Any CPU
		{FD92A89C-8031-458B-88D5-66647FF63F04}.Release|Any CPU.Build.0 = Release|Any CPU
	EndGlobalSection
	GlobalSection(SolutionProperties) = preSolution
		HideSolutionNode = FALSE
	EndGlobalSection
	GlobalSection(ExtensibilityGlobals) = postSolution
		SolutionGuid = {2463379B-6014-46A5-8B47-301B0FBC3E2F}
	EndGlobalSection
EndGlobal
