
Microsoft Visual Studio Solution File, Format Version 12.00
# Visual Studio Version 17
VisualStudioVersion = 17.1.32210.238
MinimumVisualStudioVersion = 10.0.40219.1
Project("{FAE04EC0-301F-11D3-BF4B-00C04F79EFBC}") = "Harjoitus68-10", "Harjoitus68-10\Harjoitus68-10.csproj", "{192E1ADF-35DA-4D8A-A9F6-F775B52D67F5}"
EndProject
Global
	GlobalSection(SolutionConfigurationPlatforms) = preSolution
		Debug|Any CPU = Debug|Any CPU
		Release|Any CPU = Release|Any CPU
	EndGlobalSection
	GlobalSection(ProjectConfigurationPlatforms) = postSolution
		{192E1ADF-35DA-4D8A-A9F6-F775B52D67F5}.Debug|Any CPU.ActiveCfg = Debug|Any CPU
		{192E1ADF-35DA-4D8A-A9F6-F775B52D67F5}.Debug|Any CPU.Build.0 = Debug|Any CPU
		{192E1ADF-35DA-4D8A-A9F6-F775B52D67F5}.Release|Any CPU.ActiveCfg = Release|Any CPU
		{192E1ADF-35DA-4D8A-A9F6-F775B52D67F5}.Release|Any CPU.Build.0 = Release|Any CPU
	EndGlobalSection
	GlobalSection(SolutionProperties) = preSolution
		HideSolutionNode = FALSE
	EndGlobalSection
	GlobalSection(ExtensibilityGlobals) = postSolution
		SolutionGuid = {8DA7F2D4-A59F-44B7-9A79-8FC9C85842CA}
	EndGlobalSection
EndGlobal
