
Microsoft Visual Studio Solution File, Format Version 12.00
# Visual Studio Version 17
VisualStudioVersion = 17.1.32407.343
MinimumVisualStudioVersion = 10.0.40219.1
Project("{FAE04EC0-301F-11D3-BF4B-00C04F79EFBC}") = "Kahvila", "Kahvila\Kahvila.csproj", "{FF3220F0-3EC6-4BAC-94DE-7EE36E6D6E82}"
EndProject
Global
	GlobalSection(SolutionConfigurationPlatforms) = preSolution
		Debug|Any CPU = Debug|Any CPU
		Release|Any CPU = Release|Any CPU
	EndGlobalSection
	GlobalSection(ProjectConfigurationPlatforms) = postSolution
		{FF3220F0-3EC6-4BAC-94DE-7EE36E6D6E82}.Debug|Any CPU.ActiveCfg = Debug|Any CPU
		{FF3220F0-3EC6-4BAC-94DE-7EE36E6D6E82}.Debug|Any CPU.Build.0 = Debug|Any CPU
		{FF3220F0-3EC6-4BAC-94DE-7EE36E6D6E82}.Release|Any CPU.ActiveCfg = Release|Any CPU
		{FF3220F0-3EC6-4BAC-94DE-7EE36E6D6E82}.Release|Any CPU.Build.0 = Release|Any CPU
	EndGlobalSection
	GlobalSection(SolutionProperties) = preSolution
		HideSolutionNode = FALSE
	EndGlobalSection
	GlobalSection(ExtensibilityGlobals) = postSolution
		SolutionGuid = {1619C639-B0C3-426D-92A4-B66E22A00798}
	EndGlobalSection
EndGlobal
