
Microsoft Visual Studio Solution File, Format Version 12.00
# Visual Studio Version 17
VisualStudioVersion = 17.1.32210.238
MinimumVisualStudioVersion = 10.0.40219.1
Project("{FAE04EC0-301F-11D3-BF4B-00C04F79EFBC}") = "OppilaitosAvainhenkilot", "OppilaitosAvainhenkilot\OppilaitosAvainhenkilot.csproj", "{5B1879E3-8014-42E2-A96A-97EDF6B0C0F8}"
EndProject
Global
	GlobalSection(SolutionConfigurationPlatforms) = preSolution
		Debug|Any CPU = Debug|Any CPU
		Release|Any CPU = Release|Any CPU
	EndGlobalSection
	GlobalSection(ProjectConfigurationPlatforms) = postSolution
		{5B1879E3-8014-42E2-A96A-97EDF6B0C0F8}.Debug|Any CPU.ActiveCfg = Debug|Any CPU
		{5B1879E3-8014-42E2-A96A-97EDF6B0C0F8}.Debug|Any CPU.Build.0 = Debug|Any CPU
		{5B1879E3-8014-42E2-A96A-97EDF6B0C0F8}.Release|Any CPU.ActiveCfg = Release|Any CPU
		{5B1879E3-8014-42E2-A96A-97EDF6B0C0F8}.Release|Any CPU.Build.0 = Release|Any CPU
	EndGlobalSection
	GlobalSection(SolutionProperties) = preSolution
		HideSolutionNode = FALSE
	EndGlobalSection
	GlobalSection(ExtensibilityGlobals) = postSolution
		SolutionGuid = {5BB5D4C3-B0AF-46DF-AC69-2461D8686F24}
	EndGlobalSection
EndGlobal
