
Microsoft Visual Studio Solution File, Format Version 12.00
# Visual Studio Version 17
VisualStudioVersion = 17.1.32210.238
MinimumVisualStudioVersion = 10.0.40219.1
Project("{FAE04EC0-301F-11D3-BF4B-00C04F79EFBC}") = "Harjoitus68-1", "Harjoitus68-1\Harjoitus68-1.csproj", "{90979B85-8B84-43ED-863F-785846621B49}"
EndProject
Global
	GlobalSection(SolutionConfigurationPlatforms) = preSolution
		Debug|Any CPU = Debug|Any CPU
		Release|Any CPU = Release|Any CPU
	EndGlobalSection
	GlobalSection(ProjectConfigurationPlatforms) = postSolution
		{90979B85-8B84-43ED-863F-785846621B49}.Debug|Any CPU.ActiveCfg = Debug|Any CPU
		{90979B85-8B84-43ED-863F-785846621B49}.Debug|Any CPU.Build.0 = Debug|Any CPU
		{90979B85-8B84-43ED-863F-785846621B49}.Release|Any CPU.ActiveCfg = Release|Any CPU
		{90979B85-8B84-43ED-863F-785846621B49}.Release|Any CPU.Build.0 = Release|Any CPU
	EndGlobalSection
	GlobalSection(SolutionProperties) = preSolution
		HideSolutionNode = FALSE
	EndGlobalSection
	GlobalSection(ExtensibilityGlobals) = postSolution
		SolutionGuid = {7CCAB0E9-025C-4881-89FB-8C3C8A045B4C}
	EndGlobalSection
EndGlobal
